
Microsoft Visual Studio Solution File, Format Version 12.00
# Visual Studio Version 17
VisualStudioVersion = 17.10.34916.146
MinimumVisualStudioVersion = 10.0.40219.1
Project("{FAE04EC0-301F-11D3-BF4B-00C04F79EFBC}") = "Gestion de biblioteca", "Gestion de biblioteca\Gestion de biblioteca.csproj", "{B4D8C678-383B-4CED-A946-4718BF5AE2AD}"
EndProject
Project("{FAE04EC0-301F-11D3-BF4B-00C04F79EFBC}") = "BibliotecaLib", "BibliotecaLib\BibliotecaLib.csproj", "{0BC76372-1A4D-4E5C-8EB8-89C64DC5DFDB}"
EndProject
Project("{FAE04EC0-301F-11D3-BF4B-00C04F79EFBC}") = "BibliotecaDao", "BibliotecaDao\BibliotecaDao.csproj", "{895FADC4-0277-4664-A4D3-B0458E1035A1}"
EndProject
Global
	GlobalSection(SolutionConfigurationPlatforms) = preSolution
		Debug|Any CPU = Debug|Any CPU
		Release|Any CPU = Release|Any CPU
	EndGlobalSection
	GlobalSection(ProjectConfigurationPlatforms) = postSolution
		{B4D8C678-383B-4CED-A946-4718BF5AE2AD}.Debug|Any CPU.ActiveCfg = Debug|Any CPU
		{B4D8C678-383B-4CED-A946-4718BF5AE2AD}.Debug|Any CPU.Build.0 = Debug|Any CPU
		{B4D8C678-383B-4CED-A946-4718BF5AE2AD}.Release|Any CPU.ActiveCfg = Release|Any CPU
		{B4D8C678-383B-4CED-A946-4718BF5AE2AD}.Release|Any CPU.Build.0 = Release|Any CPU
		{0BC76372-1A4D-4E5C-8EB8-89C64DC5DFDB}.Debug|Any CPU.ActiveCfg = Debug|Any CPU
		{0BC76372-1A4D-4E5C-8EB8-89C64DC5DFDB}.Debug|Any CPU.Build.0 = Debug|Any CPU
		{0BC76372-1A4D-4E5C-8EB8-89C64DC5DFDB}.Release|Any CPU.ActiveCfg = Release|Any CPU
		{0BC76372-1A4D-4E5C-8EB8-89C64DC5DFDB}.Release|Any CPU.Build.0 = Release|Any CPU
		{895FADC4-0277-4664-A4D3-B0458E1035A1}.Debug|Any CPU.ActiveCfg = Debug|Any CPU
		{895FADC4-0277-4664-A4D3-B0458E1035A1}.Debug|Any CPU.Build.0 = Debug|Any CPU
		{895FADC4-0277-4664-A4D3-B0458E1035A1}.Release|Any CPU.ActiveCfg = Release|Any CPU
		{895FADC4-0277-4664-A4D3-B0458E1035A1}.Release|Any CPU.Build.0 = Release|Any CPU
	EndGlobalSection
	GlobalSection(SolutionProperties) = preSolution
		HideSolutionNode = FALSE
	EndGlobalSection
	GlobalSection(ExtensibilityGlobals) = postSolution
		SolutionGuid = {646C951F-C560-4615-952B-0773ABF61438}
	EndGlobalSection
EndGlobal
